// !$*UTF8*$!
{
	archiveVersion = 1;
	classes = {
	};
	objectVersion = 50;
	objects = {

/* Begin PBXBuildFile section */
		1427A58D2225D154000F2E59 /* DateFormatter+Custom.swift in Sources */ = {isa = PBXBuildFile; fileRef = 1427A58C2225D154000F2E59 /* DateFormatter+Custom.swift */; };
		1427A58E2225D3DF000F2E59 /* DateFormatter+Custom.swift in Sources */ = {isa = PBXBuildFile; fileRef = 1427A58C2225D154000F2E59 /* DateFormatter+Custom.swift */; };
		1427A5902225E04C000F2E59 /* HomeViewController.swift in Sources */ = {isa = PBXBuildFile; fileRef = 1427A58F2225E04C000F2E59 /* HomeViewController.swift */; };
		1427A5B02225FCB7000F2E59 /* MediaItemCollectionViewCell.swift in Sources */ = {isa = PBXBuildFile; fileRef = 1427A5AF2225FCB7000F2E59 /* MediaItemCollectionViewCell.swift */; };
		1427A5DE222873BD000F2E59 /* MediaItemProvidable.swift in Sources */ = {isa = PBXBuildFile; fileRef = 1427A5DD222873BD000F2E59 /* MediaItemProvidable.swift */; };
		1427A5DF222873BD000F2E59 /* MediaItemProvidable.swift in Sources */ = {isa = PBXBuildFile; fileRef = 1427A5DD222873BD000F2E59 /* MediaItemProvidable.swift */; };
		1427A5E12228787F000F2E59 /* Game.swift in Sources */ = {isa = PBXBuildFile; fileRef = 1427A5E02228787F000F2E59 /* Game.swift */; };
		1427A5E22228787F000F2E59 /* Game.swift in Sources */ = {isa = PBXBuildFile; fileRef = 1427A5E02228787F000F2E59 /* Game.swift */; };
		1427A5E522287C5A000F2E59 /* MediaItemProvider.swift in Sources */ = {isa = PBXBuildFile; fileRef = 1427A5E422287C5A000F2E59 /* MediaItemProvider.swift */; };
		1427A5E622287C5A000F2E59 /* MediaItemProvider.swift in Sources */ = {isa = PBXBuildFile; fileRef = 1427A5E422287C5A000F2E59 /* MediaItemProvider.swift */; };
		1427A5E822287CDB000F2E59 /* MediaItemKind.swift in Sources */ = {isa = PBXBuildFile; fileRef = 1427A5E722287CDB000F2E59 /* MediaItemKind.swift */; };
		1427A5E922287CDB000F2E59 /* MediaItemKind.swift in Sources */ = {isa = PBXBuildFile; fileRef = 1427A5E722287CDB000F2E59 /* MediaItemKind.swift */; };
		1427A5EB22287DDF000F2E59 /* MediaItemAPIConsumable.swift in Sources */ = {isa = PBXBuildFile; fileRef = 1427A5EA22287DDF000F2E59 /* MediaItemAPIConsumable.swift */; };
		1427A5EC22287DDF000F2E59 /* MediaItemAPIConsumable.swift in Sources */ = {isa = PBXBuildFile; fileRef = 1427A5EA22287DDF000F2E59 /* MediaItemAPIConsumable.swift */; };
		1432C4AB222F09C70032BAA3 /* placeholder.png in Resources */ = {isa = PBXBuildFile; fileRef = 1432C4AA222F09C70032BAA3 /* placeholder.png */; };
		1432C4AD222F0CDA0032BAA3 /* SearchViewController.swift in Sources */ = {isa = PBXBuildFile; fileRef = 1432C4AC222F0CDA0032BAA3 /* SearchViewController.swift */; };
		1432C4AF222F1CB80032BAA3 /* Detail.storyboard in Resources */ = {isa = PBXBuildFile; fileRef = 1432C4AE222F1CB80032BAA3 /* Detail.storyboard */; };
		1432C4B1222F1CF30032BAA3 /* DetailViewController.swift in Sources */ = {isa = PBXBuildFile; fileRef = 1432C4B0222F1CF30032BAA3 /* DetailViewController.swift */; };
		1432C4B3222F39460032BAA3 /* MediaItemDetailedProvidable.swift in Sources */ = {isa = PBXBuildFile; fileRef = 1432C4B2222F39460032BAA3 /* MediaItemDetailedProvidable.swift */; };
		144E66362236FB11005770BE /* MediaItemDetailedProvidable.swift in Sources */ = {isa = PBXBuildFile; fileRef = 1432C4B2222F39460032BAA3 /* MediaItemDetailedProvidable.swift */; };
		144E663822370EED005770BE /* FavoriteTableViewCell.swift in Sources */ = {isa = PBXBuildFile; fileRef = 144E663722370EED005770BE /* FavoriteTableViewCell.swift */; };
		144E663A2237122B005770BE /* FavoritesViewController.swift in Sources */ = {isa = PBXBuildFile; fileRef = 144E66392237122B005770BE /* FavoritesViewController.swift */; };
		144E663D223715C3005770BE /* FavoritesProvidable.swift in Sources */ = {isa = PBXBuildFile; fileRef = 144E663C223715C3005770BE /* FavoritesProvidable.swift */; };
		144E663F22371794005770BE /* UserDefaultStorageManager.swift in Sources */ = {isa = PBXBuildFile; fileRef = 144E663E22371794005770BE /* UserDefaultStorageManager.swift */; };
		144E664122371F7E005770BE /* StorageManager.swift in Sources */ = {isa = PBXBuildFile; fileRef = 144E664022371F7E005770BE /* StorageManager.swift */; };
		14509F05222DC8CA00D49881 /* GoogleBooksAPIConsumerURLSession.swift in Sources */ = {isa = PBXBuildFile; fileRef = 14509F04222DC8CA00D49881 /* GoogleBooksAPIConsumerURLSession.swift */; };
		14509F07222DD62100D49881 /* Constants.swift in Sources */ = {isa = PBXBuildFile; fileRef = 14509F06222DD62100D49881 /* Constants.swift */; };
		14509F09222DDE5100D49881 /* GoogleBooksAPIConsumerAlamofire.swift in Sources */ = {isa = PBXBuildFile; fileRef = 14509F08222DDE5100D49881 /* GoogleBooksAPIConsumerAlamofire.swift */; };
		14509F0A222DE2A600D49881 /* GoogleBooksAPIConsumerAlamofire.swift in Sources */ = {isa = PBXBuildFile; fileRef = 14509F08222DDE5100D49881 /* GoogleBooksAPIConsumerAlamofire.swift */; };
		14509F0B222DE2AB00D49881 /* GoogleBooksAPIConsumerURLSession.swift in Sources */ = {isa = PBXBuildFile; fileRef = 14509F04222DC8CA00D49881 /* GoogleBooksAPIConsumerURLSession.swift */; };
		14509F0C222DE2BE00D49881 /* Constants.swift in Sources */ = {isa = PBXBuildFile; fileRef = 14509F06222DD62100D49881 /* Constants.swift */; };
		14509F0E222DE31700D49881 /* MediaItemProviderTests.swift in Sources */ = {isa = PBXBuildFile; fileRef = 14509F0D222DE31700D49881 /* MediaItemProviderTests.swift */; };
		14509F10222DE8AD00D49881 /* UIImageView+Networking.swift in Sources */ = {isa = PBXBuildFile; fileRef = 14509F0F222DE8AD00D49881 /* UIImageView+Networking.swift */; };
		148C6A7F2238513000E4C844 /* Model.xcdatamodeld in Sources */ = {isa = PBXBuildFile; fileRef = 148C6A7D2238513000E4C844 /* Model.xcdatamodeld */; };
		148C6A812238550600E4C844 /* CoreDataStack.swift in Sources */ = {isa = PBXBuildFile; fileRef = 148C6A802238550600E4C844 /* CoreDataStack.swift */; };
		148C6A832238571D00E4C844 /* CoreDataStorageManager.swift in Sources */ = {isa = PBXBuildFile; fileRef = 148C6A822238571D00E4C844 /* CoreDataStorageManager.swift */; };
		148C6A85223863BA00E4C844 /* BookManage+Mapping.swift in Sources */ = {isa = PBXBuildFile; fileRef = 148C6A84223863BA00E4C844 /* BookManage+Mapping.swift */; };
		1490EFDF22248C5F00866151 /* AppDelegate.swift in Sources */ = {isa = PBXBuildFile; fileRef = 1490EFDE22248C5F00866151 /* AppDelegate.swift */; };
		1490EFE422248C5F00866151 /* Main.storyboard in Resources */ = {isa = PBXBuildFile; fileRef = 1490EFE222248C5F00866151 /* Main.storyboard */; };
		1490EFE622248C6000866151 /* Assets.xcassets in Resources */ = {isa = PBXBuildFile; fileRef = 1490EFE522248C6000866151 /* Assets.xcassets */; };
		1490EFE922248C6000866151 /* LaunchScreen.storyboard in Resources */ = {isa = PBXBuildFile; fileRef = 1490EFE722248C6000866151 /* LaunchScreen.storyboard */; };
		1490EFF52224914D00866151 /* Book.swift in Sources */ = {isa = PBXBuildFile; fileRef = 1490EFF42224914D00866151 /* Book.swift */; };
		1490F0192224A0E300866151 /* BookTests.swift in Sources */ = {isa = PBXBuildFile; fileRef = 1490F0182224A0E300866151 /* BookTests.swift */; };
		1490F01A2224A15C00866151 /* Book.swift in Sources */ = {isa = PBXBuildFile; fileRef = 1490EFF42224914D00866151 /* Book.swift */; };
		1490F01D2224A2D300866151 /* book-search-response.json in Resources */ = {isa = PBXBuildFile; fileRef = 1490F01C2224A2D300866151 /* book-search-response.json */; };
		1490F01F2224A37700866151 /* BookCollection.swift in Sources */ = {isa = PBXBuildFile; fileRef = 1490F01E2224A37700866151 /* BookCollection.swift */; };
		1490F0202224A37700866151 /* BookCollection.swift in Sources */ = {isa = PBXBuildFile; fileRef = 1490F01E2224A37700866151 /* BookCollection.swift */; };
		3A003920808D275BC170B41D /* Pods_Midia.framework in Frameworks */ = {isa = PBXBuildFile; fileRef = 10CC1F1FD38C771BD5C5CD87 /* Pods_Midia.framework */; };
		572869ED2242BBB2006B7D11 /* Movie.swift in Sources */ = {isa = PBXBuildFile; fileRef = 572869EC2242BBB2006B7D11 /* Movie.swift */; };
		572869EF2242C5E8006B7D11 /* MovieCollection.swift in Sources */ = {isa = PBXBuildFile; fileRef = 572869EE2242C5E8006B7D11 /* MovieCollection.swift */; };
		572869F12242C6E7006B7D11 /* movie-search-response.json in Resources */ = {isa = PBXBuildFile; fileRef = 572869F02242C6E7006B7D11 /* movie-search-response.json */; };
		572869F32242EE32006B7D11 /* MovieTests.swift in Sources */ = {isa = PBXBuildFile; fileRef = 572869F22242EE32006B7D11 /* MovieTests.swift */; };
		572869F52242F14D006B7D11 /* ITunesMoviesAPIConsumerAlamofire.swift in Sources */ = {isa = PBXBuildFile; fileRef = 572869F42242F14D006B7D11 /* ITunesMoviesAPIConsumerAlamofire.swift */; };
		572869F72242F15D006B7D11 /* ITunesMoviesAPIConsumerNSURLSession.swift in Sources */ = {isa = PBXBuildFile; fileRef = 572869F62242F15D006B7D11 /* ITunesMoviesAPIConsumerNSURLSession.swift */; };
		572869F82242F830006B7D11 /* ITunesMoviesAPIConsumerAlamofire.swift in Sources */ = {isa = PBXBuildFile; fileRef = 572869F42242F14D006B7D11 /* ITunesMoviesAPIConsumerAlamofire.swift */; };
		57B5792722442164003F12D5 /* MovieCollection.swift in Sources */ = {isa = PBXBuildFile; fileRef = 572869EE2242C5E8006B7D11 /* MovieCollection.swift */; };
		57B5792822442188003F12D5 /* Movie.swift in Sources */ = {isa = PBXBuildFile; fileRef = 572869EC2242BBB2006B7D11 /* Movie.swift */; };
		57B5792A2244271B003F12D5 /* MovieManage+Mapping.swift in Sources */ = {isa = PBXBuildFile; fileRef = 57B579292244271B003F12D5 /* MovieManage+Mapping.swift */; };
		57B5792C2244297A003F12D5 /* BookFavoritesProvidable.swift in Sources */ = {isa = PBXBuildFile; fileRef = 57B5792B2244297A003F12D5 /* BookFavoritesProvidable.swift */; };
		57B5792E22442B9F003F12D5 /* MovieFavoritesProvidable.swift in Sources */ = {isa = PBXBuildFile; fileRef = 57B5792D22442B9F003F12D5 /* MovieFavoritesProvidable.swift */; };
		57B579302244326D003F12D5 /* SettingsViewController.swift in Sources */ = {isa = PBXBuildFile; fileRef = 57B5792F2244326D003F12D5 /* SettingsViewController.swift */; };
		57B5793222443A0F003F12D5 /* Launch Screen.storyboard in Resources */ = {isa = PBXBuildFile; fileRef = 57B5793122443A0F003F12D5 /* Launch Screen.storyboard */; };
		8885450E031EA5A6B32EC089 /* Pods_MidiaTests.framework in Frameworks */ = {isa = PBXBuildFile; fileRef = 3BBDDDA3F26F49357B6D5246 /* Pods_MidiaTests.framework */; };
/* End PBXBuildFile section */

/* Begin PBXContainerItemProxy section */
		1490F0132224A0C500866151 /* PBXContainerItemProxy */ = {
			isa = PBXContainerItemProxy;
			containerPortal = 1490EFD322248C5F00866151 /* Project object */;
			proxyType = 1;
			remoteGlobalIDString = 1490EFDA22248C5F00866151;
			remoteInfo = Midia;
		};
/* End PBXContainerItemProxy section */

/* Begin PBXFileReference section */
		1030C2E69A6CE78F209A94DA /* Pods-MidiaTests.release.xcconfig */ = {isa = PBXFileReference; includeInIndex = 1; lastKnownFileType = text.xcconfig; name = "Pods-MidiaTests.release.xcconfig"; path = "Pods/Target Support Files/Pods-MidiaTests/Pods-MidiaTests.release.xcconfig"; sourceTree = "<group>"; };
		10CC1F1FD38C771BD5C5CD87 /* Pods_Midia.framework */ = {isa = PBXFileReference; explicitFileType = wrapper.framework; includeInIndex = 0; path = Pods_Midia.framework; sourceTree = BUILT_PRODUCTS_DIR; };
		1427A58C2225D154000F2E59 /* DateFormatter+Custom.swift */ = {isa = PBXFileReference; lastKnownFileType = sourcecode.swift; path = "DateFormatter+Custom.swift"; sourceTree = "<group>"; };
		1427A58F2225E04C000F2E59 /* HomeViewController.swift */ = {isa = PBXFileReference; lastKnownFileType = sourcecode.swift; path = HomeViewController.swift; sourceTree = "<group>"; };
		1427A5AF2225FCB7000F2E59 /* MediaItemCollectionViewCell.swift */ = {isa = PBXFileReference; lastKnownFileType = sourcecode.swift; path = MediaItemCollectionViewCell.swift; sourceTree = "<group>"; };
		1427A5DD222873BD000F2E59 /* MediaItemProvidable.swift */ = {isa = PBXFileReference; lastKnownFileType = sourcecode.swift; path = MediaItemProvidable.swift; sourceTree = "<group>"; };
		1427A5E02228787F000F2E59 /* Game.swift */ = {isa = PBXFileReference; lastKnownFileType = sourcecode.swift; path = Game.swift; sourceTree = "<group>"; };
		1427A5E422287C5A000F2E59 /* MediaItemProvider.swift */ = {isa = PBXFileReference; lastKnownFileType = sourcecode.swift; path = MediaItemProvider.swift; sourceTree = "<group>"; };
		1427A5E722287CDB000F2E59 /* MediaItemKind.swift */ = {isa = PBXFileReference; lastKnownFileType = sourcecode.swift; path = MediaItemKind.swift; sourceTree = "<group>"; };
		1427A5EA22287DDF000F2E59 /* MediaItemAPIConsumable.swift */ = {isa = PBXFileReference; lastKnownFileType = sourcecode.swift; path = MediaItemAPIConsumable.swift; sourceTree = "<group>"; };
		1432C4AA222F09C70032BAA3 /* placeholder.png */ = {isa = PBXFileReference; lastKnownFileType = image.png; path = placeholder.png; sourceTree = "<group>"; };
		1432C4AC222F0CDA0032BAA3 /* SearchViewController.swift */ = {isa = PBXFileReference; lastKnownFileType = sourcecode.swift; path = SearchViewController.swift; sourceTree = "<group>"; };
		1432C4AE222F1CB80032BAA3 /* Detail.storyboard */ = {isa = PBXFileReference; lastKnownFileType = file.storyboard; path = Detail.storyboard; sourceTree = "<group>"; };
		1432C4B0222F1CF30032BAA3 /* DetailViewController.swift */ = {isa = PBXFileReference; lastKnownFileType = sourcecode.swift; path = DetailViewController.swift; sourceTree = "<group>"; };
		1432C4B2222F39460032BAA3 /* MediaItemDetailedProvidable.swift */ = {isa = PBXFileReference; lastKnownFileType = sourcecode.swift; path = MediaItemDetailedProvidable.swift; sourceTree = "<group>"; };
		144E663722370EED005770BE /* FavoriteTableViewCell.swift */ = {isa = PBXFileReference; lastKnownFileType = sourcecode.swift; path = FavoriteTableViewCell.swift; sourceTree = "<group>"; };
		144E66392237122B005770BE /* FavoritesViewController.swift */ = {isa = PBXFileReference; lastKnownFileType = sourcecode.swift; path = FavoritesViewController.swift; sourceTree = "<group>"; };
		144E663C223715C3005770BE /* FavoritesProvidable.swift */ = {isa = PBXFileReference; lastKnownFileType = sourcecode.swift; path = FavoritesProvidable.swift; sourceTree = "<group>"; };
		144E663E22371794005770BE /* UserDefaultStorageManager.swift */ = {isa = PBXFileReference; lastKnownFileType = sourcecode.swift; path = UserDefaultStorageManager.swift; sourceTree = "<group>"; };
		144E664022371F7E005770BE /* StorageManager.swift */ = {isa = PBXFileReference; lastKnownFileType = sourcecode.swift; path = StorageManager.swift; sourceTree = "<group>"; };
		14509F04222DC8CA00D49881 /* GoogleBooksAPIConsumerURLSession.swift */ = {isa = PBXFileReference; lastKnownFileType = sourcecode.swift; path = GoogleBooksAPIConsumerURLSession.swift; sourceTree = "<group>"; };
		14509F06222DD62100D49881 /* Constants.swift */ = {isa = PBXFileReference; lastKnownFileType = sourcecode.swift; path = Constants.swift; sourceTree = "<group>"; };
		14509F08222DDE5100D49881 /* GoogleBooksAPIConsumerAlamofire.swift */ = {isa = PBXFileReference; lastKnownFileType = sourcecode.swift; path = GoogleBooksAPIConsumerAlamofire.swift; sourceTree = "<group>"; };
		14509F0D222DE31700D49881 /* MediaItemProviderTests.swift */ = {isa = PBXFileReference; lastKnownFileType = sourcecode.swift; path = MediaItemProviderTests.swift; sourceTree = "<group>"; };
		14509F0F222DE8AD00D49881 /* UIImageView+Networking.swift */ = {isa = PBXFileReference; lastKnownFileType = sourcecode.swift; path = "UIImageView+Networking.swift"; sourceTree = "<group>"; };
		148C6A7E2238513000E4C844 /* Model.xcdatamodel */ = {isa = PBXFileReference; lastKnownFileType = wrapper.xcdatamodel; path = Model.xcdatamodel; sourceTree = "<group>"; };
		148C6A802238550600E4C844 /* CoreDataStack.swift */ = {isa = PBXFileReference; lastKnownFileType = sourcecode.swift; path = CoreDataStack.swift; sourceTree = "<group>"; };
		148C6A822238571D00E4C844 /* CoreDataStorageManager.swift */ = {isa = PBXFileReference; lastKnownFileType = sourcecode.swift; path = CoreDataStorageManager.swift; sourceTree = "<group>"; };
		148C6A84223863BA00E4C844 /* BookManage+Mapping.swift */ = {isa = PBXFileReference; lastKnownFileType = sourcecode.swift; path = "BookManage+Mapping.swift"; sourceTree = "<group>"; };
		1490EFDB22248C5F00866151 /* Midia.app */ = {isa = PBXFileReference; explicitFileType = wrapper.application; includeInIndex = 0; path = Midia.app; sourceTree = BUILT_PRODUCTS_DIR; };
		1490EFDE22248C5F00866151 /* AppDelegate.swift */ = {isa = PBXFileReference; lastKnownFileType = sourcecode.swift; path = AppDelegate.swift; sourceTree = "<group>"; };
		1490EFE322248C5F00866151 /* Base */ = {isa = PBXFileReference; lastKnownFileType = file.storyboard; name = Base; path = Base.lproj/Main.storyboard; sourceTree = "<group>"; };
		1490EFE522248C6000866151 /* Assets.xcassets */ = {isa = PBXFileReference; lastKnownFileType = folder.assetcatalog; path = Assets.xcassets; sourceTree = "<group>"; };
		1490EFE822248C6000866151 /* Base */ = {isa = PBXFileReference; lastKnownFileType = file.storyboard; name = Base; path = Base.lproj/LaunchScreen.storyboard; sourceTree = "<group>"; };
		1490EFEA22248C6000866151 /* Info.plist */ = {isa = PBXFileReference; lastKnownFileType = text.plist.xml; path = Info.plist; sourceTree = "<group>"; };
		1490EFF42224914D00866151 /* Book.swift */ = {isa = PBXFileReference; lastKnownFileType = sourcecode.swift; path = Book.swift; sourceTree = "<group>"; };
		1490F00E2224A0C500866151 /* MidiaTests.xctest */ = {isa = PBXFileReference; explicitFileType = wrapper.cfbundle; includeInIndex = 0; path = MidiaTests.xctest; sourceTree = BUILT_PRODUCTS_DIR; };
		1490F0122224A0C500866151 /* Info.plist */ = {isa = PBXFileReference; lastKnownFileType = text.plist.xml; path = Info.plist; sourceTree = "<group>"; };
		1490F0182224A0E300866151 /* BookTests.swift */ = {isa = PBXFileReference; lastKnownFileType = sourcecode.swift; path = BookTests.swift; sourceTree = "<group>"; };
		1490F01C2224A2D300866151 /* book-search-response.json */ = {isa = PBXFileReference; fileEncoding = 4; lastKnownFileType = text.json; path = "book-search-response.json"; sourceTree = "<group>"; };
		1490F01E2224A37700866151 /* BookCollection.swift */ = {isa = PBXFileReference; lastKnownFileType = sourcecode.swift; path = BookCollection.swift; sourceTree = "<group>"; };
		3BBDDDA3F26F49357B6D5246 /* Pods_MidiaTests.framework */ = {isa = PBXFileReference; explicitFileType = wrapper.framework; includeInIndex = 0; path = Pods_MidiaTests.framework; sourceTree = BUILT_PRODUCTS_DIR; };
		3C1E04F04F9523EA0000EDFC /* Pods-Midia.debug.xcconfig */ = {isa = PBXFileReference; includeInIndex = 1; lastKnownFileType = text.xcconfig; name = "Pods-Midia.debug.xcconfig"; path = "Pods/Target Support Files/Pods-Midia/Pods-Midia.debug.xcconfig"; sourceTree = "<group>"; };
		572869EC2242BBB2006B7D11 /* Movie.swift */ = {isa = PBXFileReference; lastKnownFileType = sourcecode.swift; path = Movie.swift; sourceTree = "<group>"; };
		572869EE2242C5E8006B7D11 /* MovieCollection.swift */ = {isa = PBXFileReference; lastKnownFileType = sourcecode.swift; path = MovieCollection.swift; sourceTree = "<group>"; };
		572869F02242C6E7006B7D11 /* movie-search-response.json */ = {isa = PBXFileReference; lastKnownFileType = text.json; path = "movie-search-response.json"; sourceTree = "<group>"; };
		572869F22242EE32006B7D11 /* MovieTests.swift */ = {isa = PBXFileReference; lastKnownFileType = sourcecode.swift; path = MovieTests.swift; sourceTree = "<group>"; };
		572869F42242F14D006B7D11 /* ITunesMoviesAPIConsumerAlamofire.swift */ = {isa = PBXFileReference; lastKnownFileType = sourcecode.swift; path = ITunesMoviesAPIConsumerAlamofire.swift; sourceTree = "<group>"; };
		572869F62242F15D006B7D11 /* ITunesMoviesAPIConsumerNSURLSession.swift */ = {isa = PBXFileReference; lastKnownFileType = sourcecode.swift; path = ITunesMoviesAPIConsumerNSURLSession.swift; sourceTree = "<group>"; };
		57B579292244271B003F12D5 /* MovieManage+Mapping.swift */ = {isa = PBXFileReference; lastKnownFileType = sourcecode.swift; path = "MovieManage+Mapping.swift"; sourceTree = "<group>"; };
		57B5792B2244297A003F12D5 /* BookFavoritesProvidable.swift */ = {isa = PBXFileReference; lastKnownFileType = sourcecode.swift; path = BookFavoritesProvidable.swift; sourceTree = "<group>"; };
		57B5792D22442B9F003F12D5 /* MovieFavoritesProvidable.swift */ = {isa = PBXFileReference; lastKnownFileType = sourcecode.swift; path = MovieFavoritesProvidable.swift; sourceTree = "<group>"; };
		57B5792F2244326D003F12D5 /* SettingsViewController.swift */ = {isa = PBXFileReference; lastKnownFileType = sourcecode.swift; path = SettingsViewController.swift; sourceTree = "<group>"; };
		57B5793122443A0F003F12D5 /* Launch Screen.storyboard */ = {isa = PBXFileReference; lastKnownFileType = file.storyboard; path = "Launch Screen.storyboard"; sourceTree = "<group>"; };
		888542511EF44BFB37C8F8BB /* Pods-Midia.release.xcconfig */ = {isa = PBXFileReference; includeInIndex = 1; lastKnownFileType = text.xcconfig; name = "Pods-Midia.release.xcconfig"; path = "Pods/Target Support Files/Pods-Midia/Pods-Midia.release.xcconfig"; sourceTree = "<group>"; };
		9FCABCE3A12FF5375955FEE4 /* Pods-MidiaTests.debug.xcconfig */ = {isa = PBXFileReference; includeInIndex = 1; lastKnownFileType = text.xcconfig; name = "Pods-MidiaTests.debug.xcconfig"; path = "Pods/Target Support Files/Pods-MidiaTests/Pods-MidiaTests.debug.xcconfig"; sourceTree = "<group>"; };
/* End PBXFileReference section */

/* Begin PBXFrameworksBuildPhase section */
		1490EFD822248C5F00866151 /* Frameworks */ = {
			isa = PBXFrameworksBuildPhase;
			buildActionMask = 2147483647;
			files = (
				3A003920808D275BC170B41D /* Pods_Midia.framework in Frameworks */,
			);
			runOnlyForDeploymentPostprocessing = 0;
		};
		1490F00B2224A0C500866151 /* Frameworks */ = {
			isa = PBXFrameworksBuildPhase;
			buildActionMask = 2147483647;
			files = (
				8885450E031EA5A6B32EC089 /* Pods_MidiaTests.framework in Frameworks */,
			);
			runOnlyForDeploymentPostprocessing = 0;
		};
/* End PBXFrameworksBuildPhase section */

/* Begin PBXGroup section */
		1427A58B2225D129000F2E59 /* Extensions */ = {
			isa = PBXGroup;
			children = (
				1427A58C2225D154000F2E59 /* DateFormatter+Custom.swift */,
				14509F0F222DE8AD00D49881 /* UIImageView+Networking.swift */,
			);
			path = Extensions;
			sourceTree = "<group>";
		};
		1427A5B12225FD9D000F2E59 /* Cells */ = {
			isa = PBXGroup;
			children = (
				1427A5AF2225FCB7000F2E59 /* MediaItemCollectionViewCell.swift */,
				144E663722370EED005770BE /* FavoriteTableViewCell.swift */,
			);
			path = Cells;
			sourceTree = "<group>";
		};
		1427A5DC2228738A000F2E59 /* Protocols */ = {
			isa = PBXGroup;
			children = (
				1427A5DD222873BD000F2E59 /* MediaItemProvidable.swift */,
				1432C4B2222F39460032BAA3 /* MediaItemDetailedProvidable.swift */,
				1427A5EA22287DDF000F2E59 /* MediaItemAPIConsumable.swift */,
			);
			path = Protocols;
			sourceTree = "<group>";
		};
		1427A5E322287C39000F2E59 /* Networking */ = {
			isa = PBXGroup;
			children = (
				1427A5E422287C5A000F2E59 /* MediaItemProvider.swift */,
				14509F04222DC8CA00D49881 /* GoogleBooksAPIConsumerURLSession.swift */,
				14509F08222DDE5100D49881 /* GoogleBooksAPIConsumerAlamofire.swift */,
				572869F42242F14D006B7D11 /* ITunesMoviesAPIConsumerAlamofire.swift */,
				572869F62242F15D006B7D11 /* ITunesMoviesAPIConsumerNSURLSession.swift */,
			);
			path = Networking;
			sourceTree = "<group>";
		};
		144E663B22371569005770BE /* Persistence */ = {
			isa = PBXGroup;
			children = (
				144E663C223715C3005770BE /* FavoritesProvidable.swift */,
				57B5792B2244297A003F12D5 /* BookFavoritesProvidable.swift */,
				148C6A822238571D00E4C844 /* CoreDataStorageManager.swift */,
				57B5792D22442B9F003F12D5 /* MovieFavoritesProvidable.swift */,
				144E664022371F7E005770BE /* StorageManager.swift */,
				144E663E22371794005770BE /* UserDefaultStorageManager.swift */,
				148C6A7C2238510700E4C844 /* Core Data */,
			);
			path = Persistence;
			sourceTree = "<group>";
		};
		148C6A7C2238510700E4C844 /* Core Data */ = {
			isa = PBXGroup;
			children = (
				148C6A7D2238513000E4C844 /* Model.xcdatamodeld */,
				148C6A802238550600E4C844 /* CoreDataStack.swift */,
				148C6A84223863BA00E4C844 /* BookManage+Mapping.swift */,
				57B579292244271B003F12D5 /* MovieManage+Mapping.swift */,
			);
			path = "Core Data";
			sourceTree = "<group>";
		};
		1490EFD222248C5F00866151 = {
			isa = PBXGroup;
			children = (
				1490EFDD22248C5F00866151 /* Midia */,
				1490F00F2224A0C500866151 /* MidiaTests */,
				1490EFDC22248C5F00866151 /* Products */,
				F54D165BD476891F613570B0 /* Pods */,
				22EB5E3DA287AC3898C74604 /* Frameworks */,
			);
			sourceTree = "<group>";
		};
		1490EFDC22248C5F00866151 /* Products */ = {
			isa = PBXGroup;
			children = (
				1490EFDB22248C5F00866151 /* Midia.app */,
				1490F00E2224A0C500866151 /* MidiaTests.xctest */,
			);
			name = Products;
			sourceTree = "<group>";
		};
		1490EFDD22248C5F00866151 /* Midia */ = {
			isa = PBXGroup;
			children = (
				1490EFDE22248C5F00866151 /* AppDelegate.swift */,
				14509F06222DD62100D49881 /* Constants.swift */,
				1490EFEA22248C6000866151 /* Info.plist */,
				1490EFF122248E5600866151 /* Controllers */,
				1427A58B2225D129000F2E59 /* Extensions */,
				1490EFF222248E6000866151 /* Models */,
				1427A5E322287C39000F2E59 /* Networking */,
				144E663B22371569005770BE /* Persistence */,
				1427A5DC2228738A000F2E59 /* Protocols */,
				1490EFF322248EF500866151 /* Resources */,
				1490EFF022248E4E00866151 /* Views */,
			);
			path = Midia;
			sourceTree = "<group>";
		};
		1490EFF022248E4E00866151 /* Views */ = {
			isa = PBXGroup;
			children = (
				1490EFE222248C5F00866151 /* Main.storyboard */,
				1432C4AE222F1CB80032BAA3 /* Detail.storyboard */,
				57B5793122443A0F003F12D5 /* Launch Screen.storyboard */,
			);
			path = Views;
			sourceTree = "<group>";
		};
		1490EFF122248E5600866151 /* Controllers */ = {
			isa = PBXGroup;
			children = (
				1432C4B0222F1CF30032BAA3 /* DetailViewController.swift */,
				144E66392237122B005770BE /* FavoritesViewController.swift */,
				1427A58F2225E04C000F2E59 /* HomeViewController.swift */,
				1432C4AC222F0CDA0032BAA3 /* SearchViewController.swift */,
				57B5792F2244326D003F12D5 /* SettingsViewController.swift */,
				1427A5B12225FD9D000F2E59 /* Cells */,
			);
			path = Controllers;
			sourceTree = "<group>";
		};
		1490EFF222248E6000866151 /* Models */ = {
			isa = PBXGroup;
			children = (
				1427A5E722287CDB000F2E59 /* MediaItemKind.swift */,
				1490EFF42224914D00866151 /* Book.swift */,
				1490F01E2224A37700866151 /* BookCollection.swift */,
				1427A5E02228787F000F2E59 /* Game.swift */,
				572869EC2242BBB2006B7D11 /* Movie.swift */,
				572869EE2242C5E8006B7D11 /* MovieCollection.swift */,
			);
			path = Models;
			sourceTree = "<group>";
		};
		1490EFF322248EF500866151 /* Resources */ = {
			isa = PBXGroup;
			children = (
				1432C4AA222F09C70032BAA3 /* placeholder.png */,
				1490EFE522248C6000866151 /* Assets.xcassets */,
				1490EFE722248C6000866151 /* LaunchScreen.storyboard */,
			);
			path = Resources;
			sourceTree = "<group>";
		};
		1490F00F2224A0C500866151 /* MidiaTests */ = {
			isa = PBXGroup;
			children = (
				1490F01B2224A2A900866151 /* Resources */,
				1490F0122224A0C500866151 /* Info.plist */,
				1490F0182224A0E300866151 /* BookTests.swift */,
				14509F0D222DE31700D49881 /* MediaItemProviderTests.swift */,
				572869F22242EE32006B7D11 /* MovieTests.swift */,
			);
			path = MidiaTests;
			sourceTree = "<group>";
		};
		1490F01B2224A2A900866151 /* Resources */ = {
			isa = PBXGroup;
			children = (
				1490F01C2224A2D300866151 /* book-search-response.json */,
				572869F02242C6E7006B7D11 /* movie-search-response.json */,
			);
			path = Resources;
			sourceTree = "<group>";
		};
		22EB5E3DA287AC3898C74604 /* Frameworks */ = {
			isa = PBXGroup;
			children = (
				10CC1F1FD38C771BD5C5CD87 /* Pods_Midia.framework */,
				3BBDDDA3F26F49357B6D5246 /* Pods_MidiaTests.framework */,
			);
			name = Frameworks;
			sourceTree = "<group>";
		};
		F54D165BD476891F613570B0 /* Pods */ = {
			isa = PBXGroup;
			children = (
				3C1E04F04F9523EA0000EDFC /* Pods-Midia.debug.xcconfig */,
				888542511EF44BFB37C8F8BB /* Pods-Midia.release.xcconfig */,
				9FCABCE3A12FF5375955FEE4 /* Pods-MidiaTests.debug.xcconfig */,
				1030C2E69A6CE78F209A94DA /* Pods-MidiaTests.release.xcconfig */,
			);
			name = Pods;
			sourceTree = "<group>";
		};
/* End PBXGroup section */

/* Begin PBXNativeTarget section */
		1490EFDA22248C5F00866151 /* Midia */ = {
			isa = PBXNativeTarget;
			buildConfigurationList = 1490EFED22248C6000866151 /* Build configuration list for PBXNativeTarget "Midia" */;
			buildPhases = (
				F281E30EFDE804A179EA28A8 /* [CP] Check Pods Manifest.lock */,
				1490EFD722248C5F00866151 /* Sources */,
				1490EFD822248C5F00866151 /* Frameworks */,
				1490EFD922248C5F00866151 /* Resources */,
				928CF9501AA8166F65AEE6D0 /* [CP] Embed Pods Frameworks */,
			);
			buildRules = (
			);
			dependencies = (
			);
			name = Midia;
			productName = Midia;
			productReference = 1490EFDB22248C5F00866151 /* Midia.app */;
			productType = "com.apple.product-type.application";
		};
		1490F00D2224A0C500866151 /* MidiaTests */ = {
			isa = PBXNativeTarget;
			buildConfigurationList = 1490F0152224A0C500866151 /* Build configuration list for PBXNativeTarget "MidiaTests" */;
			buildPhases = (
				4456E910899C3D31C03C7C0C /* [CP] Check Pods Manifest.lock */,
				1490F00A2224A0C500866151 /* Sources */,
				1490F00B2224A0C500866151 /* Frameworks */,
				1490F00C2224A0C500866151 /* Resources */,
			);
			buildRules = (
			);
			dependencies = (
				1490F0142224A0C500866151 /* PBXTargetDependency */,
			);
			name = MidiaTests;
			productName = MidiaTests;
			productReference = 1490F00E2224A0C500866151 /* MidiaTests.xctest */;
			productType = "com.apple.product-type.bundle.unit-test";
		};
/* End PBXNativeTarget section */

/* Begin PBXProject section */
		1490EFD322248C5F00866151 /* Project object */ = {
			isa = PBXProject;
			attributes = {
				LastSwiftUpdateCheck = 1010;
				LastUpgradeCheck = 1010;
				ORGANIZATIONNAME = Yuju;
				TargetAttributes = {
					1490EFDA22248C5F00866151 = {
						CreatedOnToolsVersion = 10.1;
					};
					1490F00D2224A0C500866151 = {
						CreatedOnToolsVersion = 10.1;
						TestTargetID = 1490EFDA22248C5F00866151;
					};
				};
			};
			buildConfigurationList = 1490EFD622248C5F00866151 /* Build configuration list for PBXProject "Midia" */;
			compatibilityVersion = "Xcode 9.3";
			developmentRegion = en;
			hasScannedForEncodings = 0;
			knownRegions = (
				en,
				Base,
			);
			mainGroup = 1490EFD222248C5F00866151;
			productRefGroup = 1490EFDC22248C5F00866151 /* Products */;
			projectDirPath = "";
			projectRoot = "";
			targets = (
				1490EFDA22248C5F00866151 /* Midia */,
				1490F00D2224A0C500866151 /* MidiaTests */,
			);
		};
/* End PBXProject section */

/* Begin PBXResourcesBuildPhase section */
		1490EFD922248C5F00866151 /* Resources */ = {
			isa = PBXResourcesBuildPhase;
			buildActionMask = 2147483647;
			files = (
				57B5793222443A0F003F12D5 /* Launch Screen.storyboard in Resources */,
				1490EFE922248C6000866151 /* LaunchScreen.storyboard in Resources */,
				1432C4AB222F09C70032BAA3 /* placeholder.png in Resources */,
				1490EFE622248C6000866151 /* Assets.xcassets in Resources */,
				1432C4AF222F1CB80032BAA3 /* Detail.storyboard in Resources */,
				1490EFE422248C5F00866151 /* Main.storyboard in Resources */,
			);
			runOnlyForDeploymentPostprocessing = 0;
		};
		1490F00C2224A0C500866151 /* Resources */ = {
			isa = PBXResourcesBuildPhase;
			buildActionMask = 2147483647;
			files = (
				572869F12242C6E7006B7D11 /* movie-search-response.json in Resources */,
				1490F01D2224A2D300866151 /* book-search-response.json in Resources */,
			);
			runOnlyForDeploymentPostprocessing = 0;
		};
/* End PBXResourcesBuildPhase section */

/* Begin PBXShellScriptBuildPhase section */
		4456E910899C3D31C03C7C0C /* [CP] Check Pods Manifest.lock */ = {
			isa = PBXShellScriptBuildPhase;
			buildActionMask = 2147483647;
			files = (
			);
			inputFileListPaths = (
			);
			inputPaths = (
				"${PODS_PODFILE_DIR_PATH}/Podfile.lock",
				"${PODS_ROOT}/Manifest.lock",
			);
			name = "[CP] Check Pods Manifest.lock";
			outputFileListPaths = (
			);
			outputPaths = (
				"$(DERIVED_FILE_DIR)/Pods-MidiaTests-checkManifestLockResult.txt",
			);
			runOnlyForDeploymentPostprocessing = 0;
			shellPath = /bin/sh;
			shellScript = "diff \"${PODS_PODFILE_DIR_PATH}/Podfile.lock\" \"${PODS_ROOT}/Manifest.lock\" > /dev/null\nif [ $? != 0 ] ; then\n    # print error to STDERR\n    echo \"error: The sandbox is not in sync with the Podfile.lock. Run 'pod install' or update your CocoaPods installation.\" >&2\n    exit 1\nfi\n# This output is used by Xcode 'outputs' to avoid re-running this script phase.\necho \"SUCCESS\" > \"${SCRIPT_OUTPUT_FILE_0}\"\n";
			showEnvVarsInLog = 0;
		};
		928CF9501AA8166F65AEE6D0 /* [CP] Embed Pods Frameworks */ = {
			isa = PBXShellScriptBuildPhase;
			buildActionMask = 2147483647;
			files = (
			);
			inputFileListPaths = (
			);
			inputPaths = (
				"${SRCROOT}/Pods/Target Support Files/Pods-Midia/Pods-Midia-frameworks.sh",
				"${BUILT_PRODUCTS_DIR}/Alamofire/Alamofire.framework",
				"${BUILT_PRODUCTS_DIR}/SDWebImage/SDWebImage.framework",
			);
			name = "[CP] Embed Pods Frameworks";
			outputFileListPaths = (
			);
			outputPaths = (
				"${TARGET_BUILD_DIR}/${FRAMEWORKS_FOLDER_PATH}/Alamofire.framework",
				"${TARGET_BUILD_DIR}/${FRAMEWORKS_FOLDER_PATH}/SDWebImage.framework",
			);
			runOnlyForDeploymentPostprocessing = 0;
			shellPath = /bin/sh;
			shellScript = "\"${SRCROOT}/Pods/Target Support Files/Pods-Midia/Pods-Midia-frameworks.sh\"\n";
			showEnvVarsInLog = 0;
		};
		F281E30EFDE804A179EA28A8 /* [CP] Check Pods Manifest.lock */ = {
			isa = PBXShellScriptBuildPhase;
			buildActionMask = 2147483647;
			files = (
			);
			inputFileListPaths = (
			);
			inputPaths = (
				"${PODS_PODFILE_DIR_PATH}/Podfile.lock",
				"${PODS_ROOT}/Manifest.lock",
			);
			name = "[CP] Check Pods Manifest.lock";
			outputFileListPaths = (
			);
			outputPaths = (
				"$(DERIVED_FILE_DIR)/Pods-Midia-checkManifestLockResult.txt",
			);
			runOnlyForDeploymentPostprocessing = 0;
			shellPath = /bin/sh;
			shellScript = "diff \"${PODS_PODFILE_DIR_PATH}/Podfile.lock\" \"${PODS_ROOT}/Manifest.lock\" > /dev/null\nif [ $? != 0 ] ; then\n    # print error to STDERR\n    echo \"error: The sandbox is not in sync with the Podfile.lock. Run 'pod install' or update your CocoaPods installation.\" >&2\n    exit 1\nfi\n# This output is used by Xcode 'outputs' to avoid re-running this script phase.\necho \"SUCCESS\" > \"${SCRIPT_OUTPUT_FILE_0}\"\n";
			showEnvVarsInLog = 0;
		};
/* End PBXShellScriptBuildPhase section */

/* Begin PBXSourcesBuildPhase section */
		1490EFD722248C5F00866151 /* Sources */ = {
			isa = PBXSourcesBuildPhase;
			buildActionMask = 2147483647;
			files = (
				572869EF2242C5E8006B7D11 /* MovieCollection.swift in Sources */,
				57B5792C2244297A003F12D5 /* BookFavoritesProvidable.swift in Sources */,
				572869F72242F15D006B7D11 /* ITunesMoviesAPIConsumerNSURLSession.swift in Sources */,
				144E663F22371794005770BE /* UserDefaultStorageManager.swift in Sources */,
				1427A5902225E04C000F2E59 /* HomeViewController.swift in Sources */,
				1432C4B1222F1CF30032BAA3 /* DetailViewController.swift in Sources */,
				14509F09222DDE5100D49881 /* GoogleBooksAPIConsumerAlamofire.swift in Sources */,
				148C6A85223863BA00E4C844 /* BookManage+Mapping.swift in Sources */,
				144E663D223715C3005770BE /* FavoritesProvidable.swift in Sources */,
				144E663822370EED005770BE /* FavoriteTableViewCell.swift in Sources */,
				1427A5EB22287DDF000F2E59 /* MediaItemAPIConsumable.swift in Sources */,
				1490EFDF22248C5F00866151 /* AppDelegate.swift in Sources */,
				1427A5DE222873BD000F2E59 /* MediaItemProvidable.swift in Sources */,
				1427A5E522287C5A000F2E59 /* MediaItemProvider.swift in Sources */,
				14509F05222DC8CA00D49881 /* GoogleBooksAPIConsumerURLSession.swift in Sources */,
				148C6A7F2238513000E4C844 /* Model.xcdatamodeld in Sources */,
				572869F52242F14D006B7D11 /* ITunesMoviesAPIConsumerAlamofire.swift in Sources */,
				1490F01F2224A37700866151 /* BookCollection.swift in Sources */,
				572869ED2242BBB2006B7D11 /* Movie.swift in Sources */,
				14509F07222DD62100D49881 /* Constants.swift in Sources */,
				1490EFF52224914D00866151 /* Book.swift in Sources */,
				57B5792A2244271B003F12D5 /* MovieManage+Mapping.swift in Sources */,
				1432C4AD222F0CDA0032BAA3 /* SearchViewController.swift in Sources */,
				57B579302244326D003F12D5 /* SettingsViewController.swift in Sources */,
				148C6A832238571D00E4C844 /* CoreDataStorageManager.swift in Sources */,
				14509F10222DE8AD00D49881 /* UIImageView+Networking.swift in Sources */,
				1427A5B02225FCB7000F2E59 /* MediaItemCollectionViewCell.swift in Sources */,
				1427A58D2225D154000F2E59 /* DateFormatter+Custom.swift in Sources */,
				1432C4B3222F39460032BAA3 /* MediaItemDetailedProvidable.swift in Sources */,
				148C6A812238550600E4C844 /* CoreDataStack.swift in Sources */,
				1427A5E12228787F000F2E59 /* Game.swift in Sources */,
				144E663A2237122B005770BE /* FavoritesViewController.swift in Sources */,
				1427A5E822287CDB000F2E59 /* MediaItemKind.swift in Sources */,
				57B5792E22442B9F003F12D5 /* MovieFavoritesProvidable.swift in Sources */,
				144E664122371F7E005770BE /* StorageManager.swift in Sources */,
			);
			runOnlyForDeploymentPostprocessing = 0;
		};
		1490F00A2224A0C500866151 /* Sources */ = {
			isa = PBXSourcesBuildPhase;
			buildActionMask = 2147483647;
			files = (
				1427A5EC22287DDF000F2E59 /* MediaItemAPIConsumable.swift in Sources */,
				1490F01A2224A15C00866151 /* Book.swift in Sources */,
				57B5792822442188003F12D5 /* Movie.swift in Sources */,
				572869F82242F830006B7D11 /* ITunesMoviesAPIConsumerAlamofire.swift in Sources */,
				57B5792722442164003F12D5 /* MovieCollection.swift in Sources */,
				1427A5E22228787F000F2E59 /* Game.swift in Sources */,
				14509F0A222DE2A600D49881 /* GoogleBooksAPIConsumerAlamofire.swift in Sources */,
				1427A5DF222873BD000F2E59 /* MediaItemProvidable.swift in Sources */,
				572869F32242EE32006B7D11 /* MovieTests.swift in Sources */,
				1427A5E922287CDB000F2E59 /* MediaItemKind.swift in Sources */,
				1427A58E2225D3DF000F2E59 /* DateFormatter+Custom.swift in Sources */,
				144E66362236FB11005770BE /* MediaItemDetailedProvidable.swift in Sources */,
				1490F0192224A0E300866151 /* BookTests.swift in Sources */,
				14509F0E222DE31700D49881 /* MediaItemProviderTests.swift in Sources */,
				1490F0202224A37700866151 /* BookCollection.swift in Sources */,
				1427A5E622287C5A000F2E59 /* MediaItemProvider.swift in Sources */,
				14509F0B222DE2AB00D49881 /* GoogleBooksAPIConsumerURLSession.swift in Sources */,
				14509F0C222DE2BE00D49881 /* Constants.swift in Sources */,
			);
			runOnlyForDeploymentPostprocessing = 0;
		};
/* End PBXSourcesBuildPhase section */

/* Begin PBXTargetDependency section */
		1490F0142224A0C500866151 /* PBXTargetDependency */ = {
			isa = PBXTargetDependency;
			target = 1490EFDA22248C5F00866151 /* Midia */;
			targetProxy = 1490F0132224A0C500866151 /* PBXContainerItemProxy */;
		};
/* End PBXTargetDependency section */

/* Begin PBXVariantGroup section */
		1490EFE222248C5F00866151 /* Main.storyboard */ = {
			isa = PBXVariantGroup;
			children = (
				1490EFE322248C5F00866151 /* Base */,
			);
			name = Main.storyboard;
			sourceTree = "<group>";
		};
		1490EFE722248C6000866151 /* LaunchScreen.storyboard */ = {
			isa = PBXVariantGroup;
			children = (
				1490EFE822248C6000866151 /* Base */,
			);
			name = LaunchScreen.storyboard;
			sourceTree = "<group>";
		};
/* End PBXVariantGroup section */

/* Begin XCBuildConfiguration section */
		1490EFEB22248C6000866151 /* Debug */ = {
			isa = XCBuildConfiguration;
			buildSettings = {
				ALWAYS_SEARCH_USER_PATHS = NO;
				CLANG_ANALYZER_NONNULL = YES;
				CLANG_ANALYZER_NUMBER_OBJECT_CONVERSION = YES_AGGRESSIVE;
				CLANG_CXX_LANGUAGE_STANDARD = "gnu++14";
				CLANG_CXX_LIBRARY = "libc++";
				CLANG_ENABLE_MODULES = YES;
				CLANG_ENABLE_OBJC_ARC = YES;
				CLANG_ENABLE_OBJC_WEAK = YES;
				CLANG_WARN_BLOCK_CAPTURE_AUTORELEASING = YES;
				CLANG_WARN_BOOL_CONVERSION = YES;
				CLANG_WARN_COMMA = YES;
				CLANG_WARN_CONSTANT_CONVERSION = YES;
				CLANG_WARN_DEPRECATED_OBJC_IMPLEMENTATIONS = YES;
				CLANG_WARN_DIRECT_OBJC_ISA_USAGE = YES_ERROR;
				CLANG_WARN_DOCUMENTATION_COMMENTS = YES;
				CLANG_WARN_EMPTY_BODY = YES;
				CLANG_WARN_ENUM_CONVERSION = YES;
				CLANG_WARN_INFINITE_RECURSION = YES;
				CLANG_WARN_INT_CONVERSION = YES;
				CLANG_WARN_NON_LITERAL_NULL_CONVERSION = YES;
				CLANG_WARN_OBJC_IMPLICIT_RETAIN_SELF = YES;
				CLANG_WARN_OBJC_LITERAL_CONVERSION = YES;
				CLANG_WARN_OBJC_ROOT_CLASS = YES_ERROR;
				CLANG_WARN_RANGE_LOOP_ANALYSIS = YES;
				CLANG_WARN_STRICT_PROTOTYPES = YES;
				CLANG_WARN_SUSPICIOUS_MOVE = YES;
				CLANG_WARN_UNGUARDED_AVAILABILITY = YES_AGGRESSIVE;
				CLANG_WARN_UNREACHABLE_CODE = YES;
				CLANG_WARN__DUPLICATE_METHOD_MATCH = YES;
				CODE_SIGN_IDENTITY = "iPhone Developer";
				COPY_PHASE_STRIP = NO;
				DEBUG_INFORMATION_FORMAT = dwarf;
				ENABLE_STRICT_OBJC_MSGSEND = YES;
				ENABLE_TESTABILITY = YES;
				GCC_C_LANGUAGE_STANDARD = gnu11;
				GCC_DYNAMIC_NO_PIC = NO;
				GCC_NO_COMMON_BLOCKS = YES;
				GCC_OPTIMIZATION_LEVEL = 0;
				GCC_PREPROCESSOR_DEFINITIONS = (
					"DEBUG=1",
					"$(inherited)",
				);
				GCC_WARN_64_TO_32_BIT_CONVERSION = YES;
				GCC_WARN_ABOUT_RETURN_TYPE = YES_ERROR;
				GCC_WARN_UNDECLARED_SELECTOR = YES;
				GCC_WARN_UNINITIALIZED_AUTOS = YES_AGGRESSIVE;
				GCC_WARN_UNUSED_FUNCTION = YES;
				GCC_WARN_UNUSED_VARIABLE = YES;
				IPHONEOS_DEPLOYMENT_TARGET = 12.1;
				MTL_ENABLE_DEBUG_INFO = INCLUDE_SOURCE;
				MTL_FAST_MATH = YES;
				ONLY_ACTIVE_ARCH = YES;
				SDKROOT = iphoneos;
				SWIFT_ACTIVE_COMPILATION_CONDITIONS = DEBUG;
				SWIFT_OPTIMIZATION_LEVEL = "-Onone";
			};
			name = Debug;
		};
		1490EFEC22248C6000866151 /* Release */ = {
			isa = XCBuildConfiguration;
			buildSettings = {
				ALWAYS_SEARCH_USER_PATHS = NO;
				CLANG_ANALYZER_NONNULL = YES;
				CLANG_ANALYZER_NUMBER_OBJECT_CONVERSION = YES_AGGRESSIVE;
				CLANG_CXX_LANGUAGE_STANDARD = "gnu++14";
				CLANG_CXX_LIBRARY = "libc++";
				CLANG_ENABLE_MODULES = YES;
				CLANG_ENABLE_OBJC_ARC = YES;
				CLANG_ENABLE_OBJC_WEAK = YES;
				CLANG_WARN_BLOCK_CAPTURE_AUTORELEASING = YES;
				CLANG_WARN_BOOL_CONVERSION = YES;
				CLANG_WARN_COMMA = YES;
				CLANG_WARN_CONSTANT_CONVERSION = YES;
				CLANG_WARN_DEPRECATED_OBJC_IMPLEMENTATIONS = YES;
				CLANG_WARN_DIRECT_OBJC_ISA_USAGE = YES_ERROR;
				CLANG_WARN_DOCUMENTATION_COMMENTS = YES;
				CLANG_WARN_EMPTY_BODY = YES;
				CLANG_WARN_ENUM_CONVERSION = YES;
				CLANG_WARN_INFINITE_RECURSION = YES;
				CLANG_WARN_INT_CONVERSION = YES;
				CLANG_WARN_NON_LITERAL_NULL_CONVERSION = YES;
				CLANG_WARN_OBJC_IMPLICIT_RETAIN_SELF = YES;
				CLANG_WARN_OBJC_LITERAL_CONVERSION = YES;
				CLANG_WARN_OBJC_ROOT_CLASS = YES_ERROR;
				CLANG_WARN_RANGE_LOOP_ANALYSIS = YES;
				CLANG_WARN_STRICT_PROTOTYPES = YES;
				CLANG_WARN_SUSPICIOUS_MOVE = YES;
				CLANG_WARN_UNGUARDED_AVAILABILITY = YES_AGGRESSIVE;
				CLANG_WARN_UNREACHABLE_CODE = YES;
				CLANG_WARN__DUPLICATE_METHOD_MATCH = YES;
				CODE_SIGN_IDENTITY = "iPhone Developer";
				COPY_PHASE_STRIP = NO;
				DEBUG_INFORMATION_FORMAT = "dwarf-with-dsym";
				ENABLE_NS_ASSERTIONS = NO;
				ENABLE_STRICT_OBJC_MSGSEND = YES;
				GCC_C_LANGUAGE_STANDARD = gnu11;
				GCC_NO_COMMON_BLOCKS = YES;
				GCC_WARN_64_TO_32_BIT_CONVERSION = YES;
				GCC_WARN_ABOUT_RETURN_TYPE = YES_ERROR;
				GCC_WARN_UNDECLARED_SELECTOR = YES;
				GCC_WARN_UNINITIALIZED_AUTOS = YES_AGGRESSIVE;
				GCC_WARN_UNUSED_FUNCTION = YES;
				GCC_WARN_UNUSED_VARIABLE = YES;
				IPHONEOS_DEPLOYMENT_TARGET = 12.1;
				MTL_ENABLE_DEBUG_INFO = NO;
				MTL_FAST_MATH = YES;
				SDKROOT = iphoneos;
				SWIFT_COMPILATION_MODE = wholemodule;
				SWIFT_OPTIMIZATION_LEVEL = "-O";
				VALIDATE_PRODUCT = YES;
			};
			name = Release;
		};
		1490EFEE22248C6000866151 /* Debug */ = {
			isa = XCBuildConfiguration;
			baseConfigurationReference = 3C1E04F04F9523EA0000EDFC /* Pods-Midia.debug.xcconfig */;
			buildSettings = {
				ASSETCATALOG_COMPILER_APPICON_NAME = AppIcon;
				CODE_SIGN_STYLE = Automatic;
				DEVELOPMENT_TEAM = 492CW4KB35;
				INFOPLIST_FILE = Midia/Info.plist;
				LD_RUNPATH_SEARCH_PATHS = (
					"$(inherited)",
					"@executable_path/Frameworks",
				);
				PRODUCT_BUNDLE_IDENTIFIER = com.yuju.Midia;
				PRODUCT_NAME = "$(TARGET_NAME)";
				SWIFT_VERSION = 4.2;
				TARGETED_DEVICE_FAMILY = "1,2";
			};
			name = Debug;
		};
		1490EFEF22248C6000866151 /* Release */ = {
			isa = XCBuildConfiguration;
			baseConfigurationReference = 888542511EF44BFB37C8F8BB /* Pods-Midia.release.xcconfig */;
			buildSettings = {
				ASSETCATALOG_COMPILER_APPICON_NAME = AppIcon;
				CODE_SIGN_STYLE = Automatic;
				DEVELOPMENT_TEAM = 492CW4KB35;
				INFOPLIST_FILE = Midia/Info.plist;
				LD_RUNPATH_SEARCH_PATHS = (
					"$(inherited)",
					"@executable_path/Frameworks",
				);
				PRODUCT_BUNDLE_IDENTIFIER = com.yuju.Midia;
				PRODUCT_NAME = "$(TARGET_NAME)";
				SWIFT_VERSION = 4.2;
				TARGETED_DEVICE_FAMILY = "1,2";
			};
			name = Release;
		};
		1490F0162224A0C500866151 /* Debug */ = {
			isa = XCBuildConfiguration;
			baseConfigurationReference = 9FCABCE3A12FF5375955FEE4 /* Pods-MidiaTests.debug.xcconfig */;
			buildSettings = {
				BUNDLE_LOADER = "$(TEST_HOST)";
				CODE_SIGN_STYLE = Automatic;
				DEVELOPMENT_TEAM = 3BD2Z379VB;
				INFOPLIST_FILE = MidiaTests/Info.plist;
				LD_RUNPATH_SEARCH_PATHS = (
					"$(inherited)",
					"@executable_path/Frameworks",
					"@loader_path/Frameworks",
				);
				PRODUCT_BUNDLE_IDENTIFIER = com.yuju.MidiaTests;
				PRODUCT_NAME = "$(TARGET_NAME)";
				SWIFT_VERSION = 4.2;
				TARGETED_DEVICE_FAMILY = "1,2";
				TEST_HOST = "$(BUILT_PRODUCTS_DIR)/Midia.app/Midia";
			};
			name = Debug;
		};
		1490F0172224A0C500866151 /* Release */ = {
			isa = XCBuildConfiguration;
			baseConfigurationReference = 1030C2E69A6CE78F209A94DA /* Pods-MidiaTests.release.xcconfig */;
			buildSettings = {
				BUNDLE_LOADER = "$(TEST_HOST)";
				CODE_SIGN_STYLE = Automatic;
				DEVELOPMENT_TEAM = 3BD2Z379VB;
				INFOPLIST_FILE = MidiaTests/Info.plist;
				LD_RUNPATH_SEARCH_PATHS = (
					"$(inherited)",
					"@executable_path/Frameworks",
					"@loader_path/Frameworks",
				);
				PRODUCT_BUNDLE_IDENTIFIER = com.yuju.MidiaTests;
				PRODUCT_NAME = "$(TARGET_NAME)";
				SWIFT_VERSION = 4.2;
				TARGETED_DEVICE_FAMILY = "1,2";
				TEST_HOST = "$(BUILT_PRODUCTS_DIR)/Midia.app/Midia";
			};
			name = Release;
		};
/* End XCBuildConfiguration section */

/* Begin XCConfigurationList section */
		1490EFD622248C5F00866151 /* Build configuration list for PBXProject "Midia" */ = {
			isa = XCConfigurationList;
			buildConfigurations = (
				1490EFEB22248C6000866151 /* Debug */,
				1490EFEC22248C6000866151 /* Release */,
			);
			defaultConfigurationIsVisible = 0;
			defaultConfigurationName = Release;
		};
		1490EFED22248C6000866151 /* Build configuration list for PBXNativeTarget "Midia" */ = {
			isa = XCConfigurationList;
			buildConfigurations = (
				1490EFEE22248C6000866151 /* Debug */,
				1490EFEF22248C6000866151 /* Release */,
			);
			defaultConfigurationIsVisible = 0;
			defaultConfigurationName = Release;
		};
		1490F0152224A0C500866151 /* Build configuration list for PBXNativeTarget "MidiaTests" */ = {
			isa = XCConfigurationList;
			buildConfigurations = (
				1490F0162224A0C500866151 /* Debug */,
				1490F0172224A0C500866151 /* Release */,
			);
			defaultConfigurationIsVisible = 0;
			defaultConfigurationName = Release;
		};
/* End XCConfigurationList section */

/* Begin XCVersionGroup section */
		148C6A7D2238513000E4C844 /* Model.xcdatamodeld */ = {
			isa = XCVersionGroup;
			children = (
				148C6A7E2238513000E4C844 /* Model.xcdatamodel */,
			);
			currentVersion = 148C6A7E2238513000E4C844 /* Model.xcdatamodel */;
			path = Model.xcdatamodeld;
			sourceTree = "<group>";
			versionGroupType = wrapper.xcdatamodel;
		};
/* End XCVersionGroup section */
	};
	rootObject = 1490EFD322248C5F00866151 /* Project object */;
}
